// !$*UTF8*$!
{
	archiveVersion = 1;
	classes = {
	};
	objectVersion = 56;
	objects = {

/* Begin PBXBuildFile section */
		70D144B82A97C03B0042E5D2 /* AppDelegate.swift in Sources */ = {isa = PBXBuildFile; fileRef = 70D144B72A97C03B0042E5D2 /* AppDelegate.swift */; };
		70D144BA2A97C03B0042E5D2 /* SceneDelegate.swift in Sources */ = {isa = PBXBuildFile; fileRef = 70D144B92A97C03B0042E5D2 /* SceneDelegate.swift */; };
		70D144C12A97C03B0042E5D2 /* Assets.xcassets in Resources */ = {isa = PBXBuildFile; fileRef = 70D144C02A97C03B0042E5D2 /* Assets.xcassets */; };
		70D144C42A97C03B0042E5D2 /* LaunchScreen.storyboard in Resources */ = {isa = PBXBuildFile; fileRef = 70D144C22A97C03B0042E5D2 /* LaunchScreen.storyboard */; };
		70D144CF2A97C03C0042E5D2 /* ImageGalleryTests.swift in Sources */ = {isa = PBXBuildFile; fileRef = 70D144CE2A97C03C0042E5D2 /* ImageGalleryTests.swift */; };
		70D144D92A97C03C0042E5D2 /* ImageGalleryUITests.swift in Sources */ = {isa = PBXBuildFile; fileRef = 70D144D82A97C03C0042E5D2 /* ImageGalleryUITests.swift */; };
		70D144DB2A97C03C0042E5D2 /* ImageGalleryUITestsLaunchTests.swift in Sources */ = {isa = PBXBuildFile; fileRef = 70D144DA2A97C03C0042E5D2 /* ImageGalleryUITestsLaunchTests.swift */; };
		70D144EB2A97FDF10042E5D2 /* MainMenuVC.swift in Sources */ = {isa = PBXBuildFile; fileRef = 70D144EA2A97FDF10042E5D2 /* MainMenuVC.swift */; };
		70D144ED2A97FE020042E5D2 /* MainMenu.storyboard in Resources */ = {isa = PBXBuildFile; fileRef = 70D144EC2A97FE020042E5D2 /* MainMenu.storyboard */; };
		70D144F02A9805D20042E5D2 /* DataModel.xcdatamodeld in Sources */ = {isa = PBXBuildFile; fileRef = 70D144EE2A9805D20042E5D2 /* DataModel.xcdatamodeld */; };
		70D144F22A9807C40042E5D2 /* DataBaseHelper.swift in Sources */ = {isa = PBXBuildFile; fileRef = 70D144F12A9807C40042E5D2 /* DataBaseHelper.swift */; };
		70D144F42A980A4E0042E5D2 /* SelectImageVC.swift in Sources */ = {isa = PBXBuildFile; fileRef = 70D144F32A980A4E0042E5D2 /* SelectImageVC.swift */; };
		70D144F62A98BC840042E5D2 /* SavedImagesCell.swift in Sources */ = {isa = PBXBuildFile; fileRef = 70D144F52A98BC840042E5D2 /* SavedImagesCell.swift */; };
		70D144F82A98BD5E0042E5D2 /* SavedImagesVC.swift in Sources */ = {isa = PBXBuildFile; fileRef = 70D144F72A98BD5E0042E5D2 /* SavedImagesVC.swift */; };
/* End PBXBuildFile section */

/* Begin PBXContainerItemProxy section */
		70D144CB2A97C03C0042E5D2 /* PBXContainerItemProxy */ = {
			isa = PBXContainerItemProxy;
			containerPortal = 70D144AC2A97C03B0042E5D2 /* Project object */;
			proxyType = 1;
			remoteGlobalIDString = 70D144B32A97C03B0042E5D2;
			remoteInfo = ImageGallery;
		};
		70D144D52A97C03C0042E5D2 /* PBXContainerItemProxy */ = {
			isa = PBXContainerItemProxy;
			containerPortal = 70D144AC2A97C03B0042E5D2 /* Project object */;
			proxyType = 1;
			remoteGlobalIDString = 70D144B32A97C03B0042E5D2;
			remoteInfo = ImageGallery;
		};
/* End PBXContainerItemProxy section */

/* Begin PBXFileReference section */
		70D144B42A97C03B0042E5D2 /* ImageGallery.app */ = {isa = PBXFileReference; explicitFileType = wrapper.application; includeInIndex = 0; path = ImageGallery.app; sourceTree = BUILT_PRODUCTS_DIR; };
		70D144B72A97C03B0042E5D2 /* AppDelegate.swift */ = {isa = PBXFileReference; lastKnownFileType = sourcecode.swift; path = AppDelegate.swift; sourceTree = "<group>"; };
		70D144B92A97C03B0042E5D2 /* SceneDelegate.swift */ = {isa = PBXFileReference; lastKnownFileType = sourcecode.swift; path = SceneDelegate.swift; sourceTree = "<group>"; };
		70D144C02A97C03B0042E5D2 /* Assets.xcassets */ = {isa = PBXFileReference; lastKnownFileType = folder.assetcatalog; path = Assets.xcassets; sourceTree = "<group>"; };
		70D144C32A97C03B0042E5D2 /* Base */ = {isa = PBXFileReference; lastKnownFileType = file.storyboard; name = Base; path = Base.lproj/LaunchScreen.storyboard; sourceTree = "<group>"; };
		70D144C52A97C03B0042E5D2 /* Info.plist */ = {isa = PBXFileReference; lastKnownFileType = text.plist.xml; path = Info.plist; sourceTree = "<group>"; };
		70D144CA2A97C03C0042E5D2 /* ImageGalleryTests.xctest */ = {isa = PBXFileReference; explicitFileType = wrapper.cfbundle; includeInIndex = 0; path = ImageGalleryTests.xctest; sourceTree = BUILT_PRODUCTS_DIR; };
		70D144CE2A97C03C0042E5D2 /* ImageGalleryTests.swift */ = {isa = PBXFileReference; lastKnownFileType = sourcecode.swift; path = ImageGalleryTests.swift; sourceTree = "<group>"; };
		70D144D42A97C03C0042E5D2 /* ImageGalleryUITests.xctest */ = {isa = PBXFileReference; explicitFileType = wrapper.cfbundle; includeInIndex = 0; path = ImageGalleryUITests.xctest; sourceTree = BUILT_PRODUCTS_DIR; };
		70D144D82A97C03C0042E5D2 /* ImageGalleryUITests.swift */ = {isa = PBXFileReference; lastKnownFileType = sourcecode.swift; path = ImageGalleryUITests.swift; sourceTree = "<group>"; };
		70D144DA2A97C03C0042E5D2 /* ImageGalleryUITestsLaunchTests.swift */ = {isa = PBXFileReference; lastKnownFileType = sourcecode.swift; path = ImageGalleryUITestsLaunchTests.swift; sourceTree = "<group>"; };
		70D144EA2A97FDF10042E5D2 /* MainMenuVC.swift */ = {isa = PBXFileReference; lastKnownFileType = sourcecode.swift; path = MainMenuVC.swift; sourceTree = "<group>"; };
		70D144EC2A97FE020042E5D2 /* MainMenu.storyboard */ = {isa = PBXFileReference; lastKnownFileType = file.storyboard; path = MainMenu.storyboard; sourceTree = "<group>"; };
		70D144EF2A9805D20042E5D2 /* DataModel.xcdatamodel */ = {isa = PBXFileReference; lastKnownFileType = wrapper.xcdatamodel; path = DataModel.xcdatamodel; sourceTree = "<group>"; };
		70D144F12A9807C40042E5D2 /* DataBaseHelper.swift */ = {isa = PBXFileReference; lastKnownFileType = sourcecode.swift; path = DataBaseHelper.swift; sourceTree = "<group>"; };
		70D144F32A980A4E0042E5D2 /* SelectImageVC.swift */ = {isa = PBXFileReference; lastKnownFileType = sourcecode.swift; path = SelectImageVC.swift; sourceTree = "<group>"; };
		70D144F52A98BC840042E5D2 /* SavedImagesCell.swift */ = {isa = PBXFileReference; lastKnownFileType = sourcecode.swift; path = SavedImagesCell.swift; sourceTree = "<group>"; };
		70D144F72A98BD5E0042E5D2 /* SavedImagesVC.swift */ = {isa = PBXFileReference; lastKnownFileType = sourcecode.swift; path = SavedImagesVC.swift; sourceTree = "<group>"; };
/* End PBXFileReference section */

/* Begin PBXFrameworksBuildPhase section */
		70D144B12A97C03B0042E5D2 /* Frameworks */ = {
			isa = PBXFrameworksBuildPhase;
			buildActionMask = 2147483647;
			files = (
			);
			runOnlyForDeploymentPostprocessing = 0;
		};
		70D144C72A97C03C0042E5D2 /* Frameworks */ = {
			isa = PBXFrameworksBuildPhase;
			buildActionMask = 2147483647;
			files = (
			);
			runOnlyForDeploymentPostprocessing = 0;
		};
		70D144D12A97C03C0042E5D2 /* Frameworks */ = {
			isa = PBXFrameworksBuildPhase;
			buildActionMask = 2147483647;
			files = (
			);
			runOnlyForDeploymentPostprocessing = 0;
		};
/* End PBXFrameworksBuildPhase section */

/* Begin PBXGroup section */
		70D144AB2A97C03B0042E5D2 = {
			isa = PBXGroup;
			children = (
				70D144B62A97C03B0042E5D2 /* ImageGallery */,
				70D144CD2A97C03C0042E5D2 /* ImageGalleryTests */,
				70D144D72A97C03C0042E5D2 /* ImageGalleryUITests */,
				70D144B52A97C03B0042E5D2 /* Products */,
			);
			sourceTree = "<group>";
		};
		70D144B52A97C03B0042E5D2 /* Products */ = {
			isa = PBXGroup;
			children = (
				70D144B42A97C03B0042E5D2 /* ImageGallery.app */,
				70D144CA2A97C03C0042E5D2 /* ImageGalleryTests.xctest */,
				70D144D42A97C03C0042E5D2 /* ImageGalleryUITests.xctest */,
			);
			name = Products;
			sourceTree = "<group>";
		};
		70D144B62A97C03B0042E5D2 /* ImageGallery */ = {
			isa = PBXGroup;
			children = (
				70D144F92A98CF950042E5D2 /* View */,
				70D144FA2A98CF9A0042E5D2 /* Controller */,
				70D144B72A97C03B0042E5D2 /* AppDelegate.swift */,
				70D144B92A97C03B0042E5D2 /* SceneDelegate.swift */,
				70D144F12A9807C40042E5D2 /* DataBaseHelper.swift */,
				70D144C02A97C03B0042E5D2 /* Assets.xcassets */,
				70D144C22A97C03B0042E5D2 /* LaunchScreen.storyboard */,
				70D144C52A97C03B0042E5D2 /* Info.plist */,
				70D144EE2A9805D20042E5D2 /* DataModel.xcdatamodeld */,
				70D144F52A98BC840042E5D2 /* SavedImagesCell.swift */,
			);
			path = ImageGallery;
			sourceTree = "<group>";
		};
		70D144CD2A97C03C0042E5D2 /* ImageGalleryTests */ = {
			isa = PBXGroup;
			children = (
				70D144CE2A97C03C0042E5D2 /* ImageGalleryTests.swift */,
			);
			path = ImageGalleryTests;
			sourceTree = "<group>";
		};
		70D144D72A97C03C0042E5D2 /* ImageGalleryUITests */ = {
			isa = PBXGroup;
			children = (
				70D144D82A97C03C0042E5D2 /* ImageGalleryUITests.swift */,
				70D144DA2A97C03C0042E5D2 /* ImageGalleryUITestsLaunchTests.swift */,
			);
			path = ImageGalleryUITests;
			sourceTree = "<group>";
		};
		70D144F92A98CF950042E5D2 /* View */ = {
			isa = PBXGroup;
			children = (
				70D144EC2A97FE020042E5D2 /* MainMenu.storyboard */,
			);
			path = View;
			sourceTree = "<group>";
		};
		70D144FA2A98CF9A0042E5D2 /* Controller */ = {
			isa = PBXGroup;
			children = (
				70D144EA2A97FDF10042E5D2 /* MainMenuVC.swift */,
				70D144F32A980A4E0042E5D2 /* SelectImageVC.swift */,
				70D144F72A98BD5E0042E5D2 /* SavedImagesVC.swift */,
			);
			path = Controller;
			sourceTree = "<group>";
		};
/* End PBXGroup section */

/* Begin PBXNativeTarget section */
		70D144B32A97C03B0042E5D2 /* ImageGallery */ = {
			isa = PBXNativeTarget;
			buildConfigurationList = 70D144DE2A97C03C0042E5D2 /* Build configuration list for PBXNativeTarget "ImageGallery" */;
			buildPhases = (
				70D144B02A97C03B0042E5D2 /* Sources */,
				70D144B12A97C03B0042E5D2 /* Frameworks */,
				70D144B22A97C03B0042E5D2 /* Resources */,
			);
			buildRules = (
			);
			dependencies = (
			);
			name = ImageGallery;
			productName = ImageGallery;
			productReference = 70D144B42A97C03B0042E5D2 /* ImageGallery.app */;
			productType = "com.apple.product-type.application";
		};
		70D144C92A97C03C0042E5D2 /* ImageGalleryTests */ = {
			isa = PBXNativeTarget;
			buildConfigurationList = 70D144E12A97C03C0042E5D2 /* Build configuration list for PBXNativeTarget "ImageGalleryTests" */;
			buildPhases = (
				70D144C62A97C03C0042E5D2 /* Sources */,
				70D144C72A97C03C0042E5D2 /* Frameworks */,
				70D144C82A97C03C0042E5D2 /* Resources */,
			);
			buildRules = (
			);
			dependencies = (
				70D144CC2A97C03C0042E5D2 /* PBXTargetDependency */,
			);
			name = ImageGalleryTests;
			productName = ImageGalleryTests;
			productReference = 70D144CA2A97C03C0042E5D2 /* ImageGalleryTests.xctest */;
			productType = "com.apple.product-type.bundle.unit-test";
		};
		70D144D32A97C03C0042E5D2 /* ImageGalleryUITests */ = {
			isa = PBXNativeTarget;
			buildConfigurationList = 70D144E42A97C03C0042E5D2 /* Build configuration list for PBXNativeTarget "ImageGalleryUITests" */;
			buildPhases = (
				70D144D02A97C03C0042E5D2 /* Sources */,
				70D144D12A97C03C0042E5D2 /* Frameworks */,
				70D144D22A97C03C0042E5D2 /* Resources */,
			);
			buildRules = (
			);
			dependencies = (
				70D144D62A97C03C0042E5D2 /* PBXTargetDependency */,
			);
			name = ImageGalleryUITests;
			productName = ImageGalleryUITests;
			productReference = 70D144D42A97C03C0042E5D2 /* ImageGalleryUITests.xctest */;
			productType = "com.apple.product-type.bundle.ui-testing";
		};
/* End PBXNativeTarget section */

/* Begin PBXProject section */
		70D144AC2A97C03B0042E5D2 /* Project object */ = {
			isa = PBXProject;
			attributes = {
				BuildIndependentTargetsInParallel = 1;
				LastSwiftUpdateCheck = 1430;
				LastUpgradeCheck = 1430;
				TargetAttributes = {
					70D144B32A97C03B0042E5D2 = {
						CreatedOnToolsVersion = 14.3;
					};
					70D144C92A97C03C0042E5D2 = {
						CreatedOnToolsVersion = 14.3;
						TestTargetID = 70D144B32A97C03B0042E5D2;
					};
					70D144D32A97C03C0042E5D2 = {
						CreatedOnToolsVersion = 14.3;
						TestTargetID = 70D144B32A97C03B0042E5D2;
					};
				};
			};
			buildConfigurationList = 70D144AF2A97C03B0042E5D2 /* Build configuration list for PBXProject "ImageGallery" */;
			compatibilityVersion = "Xcode 14.0";
			developmentRegion = en;
			hasScannedForEncodings = 0;
			knownRegions = (
				en,
				Base,
			);
			mainGroup = 70D144AB2A97C03B0042E5D2;
			productRefGroup = 70D144B52A97C03B0042E5D2 /* Products */;
			projectDirPath = "";
			projectRoot = "";
			targets = (
				70D144B32A97C03B0042E5D2 /* ImageGallery */,
				70D144C92A97C03C0042E5D2 /* ImageGalleryTests */,
				70D144D32A97C03C0042E5D2 /* ImageGalleryUITests */,
			);
		};
/* End PBXProject section */

/* Begin PBXResourcesBuildPhase section */
		70D144B22A97C03B0042E5D2 /* Resources */ = {
			isa = PBXResourcesBuildPhase;
			buildActionMask = 2147483647;
			files = (
				70D144ED2A97FE020042E5D2 /* MainMenu.storyboard in Resources */,
				70D144C42A97C03B0042E5D2 /* LaunchScreen.storyboard in Resources */,
				70D144C12A97C03B0042E5D2 /* Assets.xcassets in Resources */,
			);
			runOnlyForDeploymentPostprocessing = 0;
		};
		70D144C82A97C03C0042E5D2 /* Resources */ = {
			isa = PBXResourcesBuildPhase;
			buildActionMask = 2147483647;
			files = (
			);
			runOnlyForDeploymentPostprocessing = 0;
		};
		70D144D22A97C03C0042E5D2 /* Resources */ = {
			isa = PBXResourcesBuildPhase;
			buildActionMask = 2147483647;
			files = (
			);
			runOnlyForDeploymentPostprocessing = 0;
		};
/* End PBXResourcesBuildPhase section */

/* Begin PBXSourcesBuildPhase section */
		70D144B02A97C03B0042E5D2 /* Sources */ = {
			isa = PBXSourcesBuildPhase;
			buildActionMask = 2147483647;
			files = (
				70D144F62A98BC840042E5D2 /* SavedImagesCell.swift in Sources */,
				70D144F02A9805D20042E5D2 /* DataModel.xcdatamodeld in Sources */,
				70D144B82A97C03B0042E5D2 /* AppDelegate.swift in Sources */,
				70D144F82A98BD5E0042E5D2 /* SavedImagesVC.swift in Sources */,
				70D144EB2A97FDF10042E5D2 /* MainMenuVC.swift in Sources */,
				70D144F22A9807C40042E5D2 /* DataBaseHelper.swift in Sources */,
				70D144BA2A97C03B0042E5D2 /* SceneDelegate.swift in Sources */,
				70D144F42A980A4E0042E5D2 /* SelectImageVC.swift in Sources */,
			);
			runOnlyForDeploymentPostprocessing = 0;
		};
		70D144C62A97C03C0042E5D2 /* Sources */ = {
			isa = PBXSourcesBuildPhase;
			buildActionMask = 2147483647;
			files = (
				70D144CF2A97C03C0042E5D2 /* ImageGalleryTests.swift in Sources */,
			);
			runOnlyForDeploymentPostprocessing = 0;
		};
		70D144D02A97C03C0042E5D2 /* Sources */ = {
			isa = PBXSourcesBuildPhase;
			buildActionMask = 2147483647;
			files = (
				70D144D92A97C03C0042E5D2 /* ImageGalleryUITests.swift in Sources */,
				70D144DB2A97C03C0042E5D2 /* ImageGalleryUITestsLaunchTests.swift in Sources */,
			);
			runOnlyForDeploymentPostprocessing = 0;
		};
/* End PBXSourcesBuildPhase section */

/* Begin PBXTargetDependency section */
		70D144CC2A97C03C0042E5D2 /* PBXTargetDependency */ = {
			isa = PBXTargetDependency;
			target = 70D144B32A97C03B0042E5D2 /* ImageGallery */;
			targetProxy = 70D144CB2A97C03C0042E5D2 /* PBXContainerItemProxy */;
		};
		70D144D62A97C03C0042E5D2 /* PBXTargetDependency */ = {
			isa = PBXTargetDependency;
			target = 70D144B32A97C03B0042E5D2 /* ImageGallery */;
			targetProxy = 70D144D52A97C03C0042E5D2 /* PBXContainerItemProxy */;
		};
/* End PBXTargetDependency section */

/* Begin PBXVariantGroup section */
		70D144C22A97C03B0042E5D2 /* LaunchScreen.storyboard */ = {
			isa = PBXVariantGroup;
			children = (
				70D144C32A97C03B0042E5D2 /* Base */,
			);
			name = LaunchScreen.storyboard;
			sourceTree = "<group>";
		};
/* End PBXVariantGroup section */

/* Begin XCBuildConfiguration section */
		70D144DC2A97C03C0042E5D2 /* Debug */ = {
			isa = XCBuildConfiguration;
			buildSettings = {
				ALWAYS_SEARCH_USER_PATHS = NO;
				CLANG_ANALYZER_NONNULL = YES;
				CLANG_ANALYZER_NUMBER_OBJECT_CONVERSION = YES_AGGRESSIVE;
				CLANG_CXX_LANGUAGE_STANDARD = "gnu++20";
				CLANG_ENABLE_MODULES = YES;
				CLANG_ENABLE_OBJC_ARC = YES;
				CLANG_ENABLE_OBJC_WEAK = YES;
				CLANG_WARN_BLOCK_CAPTURE_AUTORELEASING = YES;
				CLANG_WARN_BOOL_CONVERSION = YES;
				CLANG_WARN_COMMA = YES;
				CLANG_WARN_CONSTANT_CONVERSION = YES;
				CLANG_WARN_DEPRECATED_OBJC_IMPLEMENTATIONS = YES;
				CLANG_WARN_DIRECT_OBJC_ISA_USAGE = YES_ERROR;
				CLANG_WARN_DOCUMENTATION_COMMENTS = YES;
				CLANG_WARN_EMPTY_BODY = YES;
				CLANG_WARN_ENUM_CONVERSION = YES;
				CLANG_WARN_INFINITE_RECURSION = YES;
				CLANG_WARN_INT_CONVERSION = YES;
				CLANG_WARN_NON_LITERAL_NULL_CONVERSION = YES;
				CLANG_WARN_OBJC_IMPLICIT_RETAIN_SELF = YES;
				CLANG_WARN_OBJC_LITERAL_CONVERSION = YES;
				CLANG_WARN_OBJC_ROOT_CLASS = YES_ERROR;
				CLANG_WARN_QUOTED_INCLUDE_IN_FRAMEWORK_HEADER = YES;
				CLANG_WARN_RANGE_LOOP_ANALYSIS = YES;
				CLANG_WARN_STRICT_PROTOTYPES = YES;
				CLANG_WARN_SUSPICIOUS_MOVE = YES;
				CLANG_WARN_UNGUARDED_AVAILABILITY = YES_AGGRESSIVE;
				CLANG_WARN_UNREACHABLE_CODE = YES;
				CLANG_WARN__DUPLICATE_METHOD_MATCH = YES;
				COPY_PHASE_STRIP = NO;
				DEBUG_INFORMATION_FORMAT = dwarf;
				ENABLE_STRICT_OBJC_MSGSEND = YES;
				ENABLE_TESTABILITY = YES;
				GCC_C_LANGUAGE_STANDARD = gnu11;
				GCC_DYNAMIC_NO_PIC = NO;
				GCC_NO_COMMON_BLOCKS = YES;
				GCC_OPTIMIZATION_LEVEL = 0;
				GCC_PREPROCESSOR_DEFINITIONS = (
					"DEBUG=1",
					"$(inherited)",
				);
				GCC_WARN_64_TO_32_BIT_CONVERSION = YES;
				GCC_WARN_ABOUT_RETURN_TYPE = YES_ERROR;
				GCC_WARN_UNDECLARED_SELECTOR = YES;
				GCC_WARN_UNINITIALIZED_AUTOS = YES_AGGRESSIVE;
				GCC_WARN_UNUSED_FUNCTION = YES;
				GCC_WARN_UNUSED_VARIABLE = YES;
				IPHONEOS_DEPLOYMENT_TARGET = 16.4;
				MTL_ENABLE_DEBUG_INFO = INCLUDE_SOURCE;
				MTL_FAST_MATH = YES;
				ONLY_ACTIVE_ARCH = YES;
				SDKROOT = iphoneos;
				SWIFT_ACTIVE_COMPILATION_CONDITIONS = DEBUG;
				SWIFT_OPTIMIZATION_LEVEL = "-Onone";
			};
			name = Debug;
		};
		70D144DD2A97C03C0042E5D2 /* Release */ = {
			isa = XCBuildConfiguration;
			buildSettings = {
				ALWAYS_SEARCH_USER_PATHS = NO;
				CLANG_ANALYZER_NONNULL = YES;
				CLANG_ANALYZER_NUMBER_OBJECT_CONVERSION = YES_AGGRESSIVE;
				CLANG_CXX_LANGUAGE_STANDARD = "gnu++20";
				CLANG_ENABLE_MODULES = YES;
				CLANG_ENABLE_OBJC_ARC = YES;
				CLANG_ENABLE_OBJC_WEAK = YES;
				CLANG_WARN_BLOCK_CAPTURE_AUTORELEASING = YES;
				CLANG_WARN_BOOL_CONVERSION = YES;
				CLANG_WARN_COMMA = YES;
				CLANG_WARN_CONSTANT_CONVERSION = YES;
				CLANG_WARN_DEPRECATED_OBJC_IMPLEMENTATIONS = YES;
				CLANG_WARN_DIRECT_OBJC_ISA_USAGE = YES_ERROR;
				CLANG_WARN_DOCUMENTATION_COMMENTS = YES;
				CLANG_WARN_EMPTY_BODY = YES;
				CLANG_WARN_ENUM_CONVERSION = YES;
				CLANG_WARN_INFINITE_RECURSION = YES;
				CLANG_WARN_INT_CONVERSION = YES;
				CLANG_WARN_NON_LITERAL_NULL_CONVERSION = YES;
				CLANG_WARN_OBJC_IMPLICIT_RETAIN_SELF = YES;
				CLANG_WARN_OBJC_LITERAL_CONVERSION = YES;
				CLANG_WARN_OBJC_ROOT_CLASS = YES_ERROR;
				CLANG_WARN_QUOTED_INCLUDE_IN_FRAMEWORK_HEADER = YES;
				CLANG_WARN_RANGE_LOOP_ANALYSIS = YES;
				CLANG_WARN_STRICT_PROTOTYPES = YES;
				CLANG_WARN_SUSPICIOUS_MOVE = YES;
				CLANG_WARN_UNGUARDED_AVAILABILITY = YES_AGGRESSIVE;
				CLANG_WARN_UNREACHABLE_CODE = YES;
				CLANG_WARN__DUPLICATE_METHOD_MATCH = YES;
				COPY_PHASE_STRIP = NO;
				DEBUG_INFORMATION_FORMAT = "dwarf-with-dsym";
				ENABLE_NS_ASSERTIONS = NO;
				ENABLE_STRICT_OBJC_MSGSEND = YES;
				GCC_C_LANGUAGE_STANDARD = gnu11;
				GCC_NO_COMMON_BLOCKS = YES;
				GCC_WARN_64_TO_32_BIT_CONVERSION = YES;
				GCC_WARN_ABOUT_RETURN_TYPE = YES_ERROR;
				GCC_WARN_UNDECLARED_SELECTOR = YES;
				GCC_WARN_UNINITIALIZED_AUTOS = YES_AGGRESSIVE;
				GCC_WARN_UNUSED_FUNCTION = YES;
				GCC_WARN_UNUSED_VARIABLE = YES;
				IPHONEOS_DEPLOYMENT_TARGET = 16.4;
				MTL_ENABLE_DEBUG_INFO = NO;
				MTL_FAST_MATH = YES;
				SDKROOT = iphoneos;
				SWIFT_COMPILATION_MODE = wholemodule;
				SWIFT_OPTIMIZATION_LEVEL = "-O";
				VALIDATE_PRODUCT = YES;
			};
			name = Release;
		};
		70D144DF2A97C03C0042E5D2 /* Debug */ = {
			isa = XCBuildConfiguration;
			buildSettings = {
				ASSETCATALOG_COMPILER_APPICON_NAME = AppIcon;
				ASSETCATALOG_COMPILER_GLOBAL_ACCENT_COLOR_NAME = AccentColor;
				CODE_SIGN_STYLE = Automatic;
				CURRENT_PROJECT_VERSION = 1;
				DEVELOPMENT_TEAM = QG69UFYDL6;
				GENERATE_INFOPLIST_FILE = YES;
				INFOPLIST_FILE = ImageGallery/Info.plist;
				INFOPLIST_KEY_UIApplicationSupportsIndirectInputEvents = YES;
				INFOPLIST_KEY_UILaunchStoryboardName = LaunchScreen;
				INFOPLIST_KEY_UIMainStoryboardFile = Main;
				INFOPLIST_KEY_UISupportedInterfaceOrientations_iPad = "UIInterfaceOrientationPortrait UIInterfaceOrientationPortraitUpsideDown UIInterfaceOrientationLandscapeLeft UIInterfaceOrientationLandscapeRight";
				INFOPLIST_KEY_UISupportedInterfaceOrientations_iPhone = "UIInterfaceOrientationPortrait UIInterfaceOrientationLandscapeLeft UIInterfaceOrientationLandscapeRight";
				LD_RUNPATH_SEARCH_PATHS = (
					"$(inherited)",
					"@executable_path/Frameworks",
				);
				MARKETING_VERSION = 1.0;
				PRODUCT_BUNDLE_IDENTIFIER = iAsad.ImageGallery;
				PRODUCT_NAME = "$(TARGET_NAME)";
				SWIFT_EMIT_LOC_STRINGS = YES;
				SWIFT_VERSION = 5.0;
				TARGETED_DEVICE_FAMILY = "1,2";
			};
			name = Debug;
		};
		70D144E02A97C03C0042E5D2 /* Release */ = {
			isa = XCBuildConfiguration;
			buildSettings = {
				ASSETCATALOG_COMPILER_APPICON_NAME = AppIcon;
				ASSETCATALOG_COMPILER_GLOBAL_ACCENT_COLOR_NAME = AccentColor;
				CODE_SIGN_STYLE = Automatic;
				CURRENT_PROJECT_VERSION = 1;
				DEVELOPMENT_TEAM = QG69UFYDL6;
				GENERATE_INFOPLIST_FILE = YES;
				INFOPLIST_FILE = ImageGallery/Info.plist;
				INFOPLIST_KEY_UIApplicationSupportsIndirectInputEvents = YES;
				INFOPLIST_KEY_UILaunchStoryboardName = LaunchScreen;
				INFOPLIST_KEY_UIMainStoryboardFile = Main;
				INFOPLIST_KEY_UISupportedInterfaceOrientations_iPad = "UIInterfaceOrientationPortrait UIInterfaceOrientationPortraitUpsideDown UIInterfaceOrientationLandscapeLeft UIInterfaceOrientationLandscapeRight";
				INFOPLIST_KEY_UISupportedInterfaceOrientations_iPhone = "UIInterfaceOrientationPortrait UIInterfaceOrientationLandscapeLeft UIInterfaceOrientationLandscapeRight";
				LD_RUNPATH_SEARCH_PATHS = (
					"$(inherited)",
					"@executable_path/Frameworks",
				);
				MARKETING_VERSION = 1.0;
				PRODUCT_BUNDLE_IDENTIFIER = iAsad.ImageGallery;
				PRODUCT_NAME = "$(TARGET_NAME)";
				SWIFT_EMIT_LOC_STRINGS = YES;
				SWIFT_VERSION = 5.0;
				TARGETED_DEVICE_FAMILY = "1,2";
			};
			name = Release;
		};
		70D144E22A97C03C0042E5D2 /* Debug */ = {
			isa = XCBuildConfiguration;
			buildSettings = {
				ALWAYS_EMBED_SWIFT_STANDARD_LIBRARIES = YES;
				BUNDLE_LOADER = "$(TEST_HOST)";
				CODE_SIGN_STYLE = Automatic;
				CURRENT_PROJECT_VERSION = 1;
				DEVELOPMENT_TEAM = QG69UFYDL6;
				GENERATE_INFOPLIST_FILE = YES;
				IPHONEOS_DEPLOYMENT_TARGET = 16.4;
				MARKETING_VERSION = 1.0;
				PRODUCT_BUNDLE_IDENTIFIER = iAsad.ImageGalleryTests;
				PRODUCT_NAME = "$(TARGET_NAME)";
				SWIFT_EMIT_LOC_STRINGS = NO;
				SWIFT_VERSION = 5.0;
				TARGETED_DEVICE_FAMILY = "1,2";
				TEST_HOST = "$(BUILT_PRODUCTS_DIR)/ImageGallery.app/$(BUNDLE_EXECUTABLE_FOLDER_PATH)/ImageGallery";
			};
			name = Debug;
		};
		70D144E32A97C03C0042E5D2 /* Release */ = {
			isa = XCBuildConfiguration;
			buildSettings = {
				ALWAYS_EMBED_SWIFT_STANDARD_LIBRARIES = YES;
				BUNDLE_LOADER = "$(TEST_HOST)";
				CODE_SIGN_STYLE = Automatic;
				CURRENT_PROJECT_VERSION = 1;
				DEVELOPMENT_TEAM = QG69UFYDL6;
				GENERATE_INFOPLIST_FILE = YES;
				IPHONEOS_DEPLOYMENT_TARGET = 16.4;
				MARKETING_VERSION = 1.0;
				PRODUCT_BUNDLE_IDENTIFIER = iAsad.ImageGalleryTests;
				PRODUCT_NAME = "$(TARGET_NAME)";
				SWIFT_EMIT_LOC_STRINGS = NO;
				SWIFT_VERSION = 5.0;
				TARGETED_DEVICE_FAMILY = "1,2";
				TEST_HOST = "$(BUILT_PRODUCTS_DIR)/ImageGallery.app/$(BUNDLE_EXECUTABLE_FOLDER_PATH)/ImageGallery";
			};
			name = Release;
		};
		70D144E52A97C03C0042E5D2 /* Debug */ = {
			isa = XCBuildConfiguration;
			buildSettings = {
				ALWAYS_EMBED_SWIFT_STANDARD_LIBRARIES = YES;
				CODE_SIGN_STYLE = Automatic;
				CURRENT_PROJECT_VERSION = 1;
				DEVELOPMENT_TEAM = QG69UFYDL6;
				GENERATE_INFOPLIST_FILE = YES;
				MARKETING_VERSION = 1.0;
				PRODUCT_BUNDLE_IDENTIFIER = iAsad.ImageGalleryUITests;
				PRODUCT_NAME = "$(TARGET_NAME)";
				SWIFT_EMIT_LOC_STRINGS = NO;
				SWIFT_VERSION = 5.0;
				TARGETED_DEVICE_FAMILY = "1,2";
				TEST_TARGET_NAME = ImageGallery;
			};
			name = Debug;
		};
		70D144E62A97C03C0042E5D2 /* Release */ = {
			isa = XCBuildConfiguration;
			buildSettings = {
				ALWAYS_EMBED_SWIFT_STANDARD_LIBRARIES = YES;
				CODE_SIGN_STYLE = Automatic;
				CURRENT_PROJECT_VERSION = 1;
				DEVELOPMENT_TEAM = QG69UFYDL6;
				GENERATE_INFOPLIST_FILE = YES;
				MARKETING_VERSION = 1.0;
				PRODUCT_BUNDLE_IDENTIFIER = iAsad.ImageGalleryUITests;
				PRODUCT_NAME = "$(TARGET_NAME)";
				SWIFT_EMIT_LOC_STRINGS = NO;
				SWIFT_VERSION = 5.0;
				TARGETED_DEVICE_FAMILY = "1,2";
				TEST_TARGET_NAME = ImageGallery;
			};
			name = Release;
		};
/* End XCBuildConfiguration section */

/* Begin XCConfigurationList section */
		70D144AF2A97C03B0042E5D2 /* Build configuration list for PBXProject "ImageGallery" */ = {
			isa = XCConfigurationList;
			buildConfigurations = (
				70D144DC2A97C03C0042E5D2 /* Debug */,
				70D144DD2A97C03C0042E5D2 /* Release */,
			);
			defaultConfigurationIsVisible = 0;
			defaultConfigurationName = Release;
		};
		70D144DE2A97C03C0042E5D2 /* Build configuration list for PBXNativeTarget "ImageGallery" */ = {
			isa = XCConfigurationList;
			buildConfigurations = (
				70D144DF2A97C03C0042E5D2 /* Debug */,
				70D144E02A97C03C0042E5D2 /* Release */,
			);
			defaultConfigurationIsVisible = 0;
			defaultConfigurationName = Release;
		};
		70D144E12A97C03C0042E5D2 /* Build configuration list for PBXNativeTarget "ImageGalleryTests" */ = {
			isa = XCConfigurationList;
			buildConfigurations = (
				70D144E22A97C03C0042E5D2 /* Debug */,
				70D144E32A97C03C0042E5D2 /* Release */,
			);
			defaultConfigurationIsVisible = 0;
			defaultConfigurationName = Release;
		};
		70D144E42A97C03C0042E5D2 /* Build configuration list for PBXNativeTarget "ImageGalleryUITests" */ = {
			isa = XCConfigurationList;
			buildConfigurations = (
				70D144E52A97C03C0042E5D2 /* Debug */,
				70D144E62A97C03C0042E5D2 /* Release */,
			);
			defaultConfigurationIsVisible = 0;
			defaultConfigurationName = Release;
		};
/* End XCConfigurationList section */

/* Begin XCVersionGroup section */
		70D144EE2A9805D20042E5D2 /* DataModel.xcdatamodeld */ = {
			isa = XCVersionGroup;
			children = (
				70D144EF2A9805D20042E5D2 /* DataModel.xcdatamodel */,
			);
			currentVersion = 70D144EF2A9805D20042E5D2 /* DataModel.xcdatamodel */;
			path = DataModel.xcdatamodeld;
			sourceTree = "<group>";
			versionGroupType = wrapper.xcdatamodel;
		};
/* End XCVersionGroup section */
	};
	rootObject = 70D144AC2A97C03B0042E5D2 /* Project object */;
}
